
Microsoft Visual Studio Solution File, Format Version 12.00
# Visual Studio Version 17
VisualStudioVersion = 17.6.33829.357
MinimumVisualStudioVersion = 10.0.40219.1
Project("{FAE04EC0-301F-11D3-BF4B-00C04F79EFBC}") = "1_result", "1_result\1_result.csproj", "{F26D881A-6069-4C88-88B3-3032662EE588}"
EndProject
Project("{FAE04EC0-301F-11D3-BF4B-00C04F79EFBC}") = "3_Odd", "3_Odd\3_Odd.csproj", "{12760669-F2F2-4F1F-973C-7D11B2DD48D0}"
EndProject
Project("{FAE04EC0-301F-11D3-BF4B-00C04F79EFBC}") = "5_HundredTo200", "5_HundredTo200\5_HundredTo200.csproj", "{0BB22235-949F-4359-BAB9-51CF2757172C}"
EndProject
Project("{FAE04EC0-301F-11D3-BF4B-00C04F79EFBC}") = "6_InfoSpeed", "6_InfoSpeed\6_InfoSpeed.csproj", "{205EADDE-1813-48D5-B96A-E4DC25BF7A9F}"
EndProject
Project("{FAE04EC0-301F-11D3-BF4B-00C04F79EFBC}") = "7_AreaFigures", "7_AreaFigures\7_AreaFigures.csproj", "{24A32069-3AD0-4C55-8D9C-7BD0267F7901}"
EndProject
Project("{FAE04EC0-301F-11D3-BF4B-00C04F79EFBC}") = "2_SumSeconds", "2_SumSeconds\2_SumSeconds.csproj", "{463E977B-1958-424D-A06D-A205230F8576}"
EndProject
Project("{FAE04EC0-301F-11D3-BF4B-00C04F79EFBC}") = "4_BonusPoints", "4_BonusPoints\4_BonusPoints.csproj", "{95FF931C-39DE-48AC-A137-0AC7BB81547C}"
EndProject
Project("{FAE04EC0-301F-11D3-BF4B-00C04F79EFBC}") = "8_PlusMin", "8_PlusMin\8_PlusMin.csproj", "{D6C1BDAC-DAD6-4823-945D-3A91BD5CA3CD}"
EndProject
Global
	GlobalSection(SolutionConfigurationPlatforms) = preSolution
		Debug|Any CPU = Debug|Any CPU
		Release|Any CPU = Release|Any CPU
	EndGlobalSection
	GlobalSection(ProjectConfigurationPlatforms) = postSolution
		{F26D881A-6069-4C88-88B3-3032662EE588}.Debug|Any CPU.ActiveCfg = Debug|Any CPU
		{F26D881A-6069-4C88-88B3-3032662EE588}.Debug|Any CPU.Build.0 = Debug|Any CPU
		{F26D881A-6069-4C88-88B3-3032662EE588}.Release|Any CPU.ActiveCfg = Release|Any CPU
		{F26D881A-6069-4C88-88B3-3032662EE588}.Release|Any CPU.Build.0 = Release|Any CPU
		{12760669-F2F2-4F1F-973C-7D11B2DD48D0}.Debug|Any CPU.ActiveCfg = Debug|Any CPU
		{12760669-F2F2-4F1F-973C-7D11B2DD48D0}.Debug|Any CPU.Build.0 = Debug|Any CPU
		{12760669-F2F2-4F1F-973C-7D11B2DD48D0}.Release|Any CPU.ActiveCfg = Release|Any CPU
		{12760669-F2F2-4F1F-973C-7D11B2DD48D0}.Release|Any CPU.Build.0 = Release|Any CPU
		{0BB22235-949F-4359-BAB9-51CF2757172C}.Debug|Any CPU.ActiveCfg = Debug|Any CPU
		{0BB22235-949F-4359-BAB9-51CF2757172C}.Debug|Any CPU.Build.0 = Debug|Any CPU
		{0BB22235-949F-4359-BAB9-51CF2757172C}.Release|Any CPU.ActiveCfg = Release|Any CPU
		{0BB22235-949F-4359-BAB9-51CF2757172C}.Release|Any CPU.Build.0 = Release|Any CPU
		{205EADDE-1813-48D5-B96A-E4DC25BF7A9F}.Debug|Any CPU.ActiveCfg = Debug|Any CPU
		{205EADDE-1813-48D5-B96A-E4DC25BF7A9F}.Debug|Any CPU.Build.0 = Debug|Any CPU
		{205EADDE-1813-48D5-B96A-E4DC25BF7A9F}.Release|Any CPU.ActiveCfg = Release|Any CPU
		{205EADDE-1813-48D5-B96A-E4DC25BF7A9F}.Release|Any CPU.Build.0 = Release|Any CPU
		{24A32069-3AD0-4C55-8D9C-7BD0267F7901}.Debug|Any CPU.ActiveCfg = Debug|Any CPU
		{24A32069-3AD0-4C55-8D9C-7BD0267F7901}.Debug|Any CPU.Build.0 = Debug|Any CPU
		{24A32069-3AD0-4C55-8D9C-7BD0267F7901}.Release|Any CPU.ActiveCfg = Release|Any CPU
		{24A32069-3AD0-4C55-8D9C-7BD0267F7901}.Release|Any CPU.Build.0 = Release|Any CPU
		{463E977B-1958-424D-A06D-A205230F8576}.Debug|Any CPU.ActiveCfg = Debug|Any CPU
		{463E977B-1958-424D-A06D-A205230F8576}.Debug|Any CPU.Build.0 = Debug|Any CPU
		{463E977B-1958-424D-A06D-A205230F8576}.Release|Any CPU.ActiveCfg = Release|Any CPU
		{463E977B-1958-424D-A06D-A205230F8576}.Release|Any CPU.Build.0 = Release|Any CPU
		{95FF931C-39DE-48AC-A137-0AC7BB81547C}.Debug|Any CPU.ActiveCfg = Debug|Any CPU
		{95FF931C-39DE-48AC-A137-0AC7BB81547C}.Debug|Any CPU.Build.0 = Debug|Any CPU
		{95FF931C-39DE-48AC-A137-0AC7BB81547C}.Release|Any CPU.ActiveCfg = Release|Any CPU
		{95FF931C-39DE-48AC-A137-0AC7BB81547C}.Release|Any CPU.Build.0 = Release|Any CPU
		{D6C1BDAC-DAD6-4823-945D-3A91BD5CA3CD}.Debug|Any CPU.ActiveCfg = Debug|Any CPU
		{D6C1BDAC-DAD6-4823-945D-3A91BD5CA3CD}.Debug|Any CPU.Build.0 = Debug|Any CPU
		{D6C1BDAC-DAD6-4823-945D-3A91BD5CA3CD}.Release|Any CPU.ActiveCfg = Release|Any CPU
		{D6C1BDAC-DAD6-4823-945D-3A91BD5CA3CD}.Release|Any CPU.Build.0 = Release|Any CPU
	EndGlobalSection
	GlobalSection(SolutionProperties) = preSolution
		HideSolutionNode = FALSE
	EndGlobalSection
	GlobalSection(ExtensibilityGlobals) = postSolution
		SolutionGuid = {95C630B1-CC16-48B9-AD8F-EC66A48914C9}
	EndGlobalSection
EndGlobal
